Microsoft Visual Studio Solution File, Format Version 12.00
# Visual Studio 2012
Project("{FAE04EC0-301F-11D3-BF4B-00C04F79EFBC}") = "MF-Moon", "MF-Moon.csproj", "{8EE97189-E132-48DA-8E4A-20ECB307B3EA}"
EndProject
Global
	GlobalSection(SolutionConfigurationPlatforms) = preSolution
	Debug|Any CPU = Debug|Any CPU
	ExportDebug|Any CPU = ExportDebug|Any CPU
	ExportRelease|Any CPU = ExportRelease|Any CPU
	EndGlobalSection
	GlobalSection(ProjectConfigurationPlatforms) = postSolution
		{8EE97189-E132-48DA-8E4A-20ECB307B3EA}.Debug|Any CPU.ActiveCfg = Debug|Any CPU
		{8EE97189-E132-48DA-8E4A-20ECB307B3EA}.Debug|Any CPU.Build.0 = Debug|Any CPU
		{8EE97189-E132-48DA-8E4A-20ECB307B3EA}.ExportDebug|Any CPU.ActiveCfg = ExportDebug|Any CPU
		{8EE97189-E132-48DA-8E4A-20ECB307B3EA}.ExportDebug|Any CPU.Build.0 = ExportDebug|Any CPU
		{8EE97189-E132-48DA-8E4A-20ECB307B3EA}.ExportRelease|Any CPU.ActiveCfg = ExportRelease|Any CPU
		{8EE97189-E132-48DA-8E4A-20ECB307B3EA}.ExportRelease|Any CPU.Build.0 = ExportRelease|Any CPU
	EndGlobalSection
EndGlobal
